
Microsoft Visual Studio Solution File, Format Version 12.00
# Visual Studio Version 16
VisualStudioVersion = 16.0.31410.357
MinimumVisualStudioVersion = 10.0.40219.1
Project("{FAE04EC0-301F-11D3-BF4B-00C04F79EFBC}") = "BigSchoolProject", "BigSchoolProject\BigSchoolProject.csproj", "{994B832C-707F-48C3-9972-247FFFE646A1}"
EndProject
Global
	GlobalSection(SolutionConfigurationPlatforms) = preSolution
		Debug|Any CPU = Debug|Any CPU
		Release|Any CPU = Release|Any CPU
	EndGlobalSection
	GlobalSection(ProjectConfigurationPlatforms) = postSolution
		{994B832C-707F-48C3-9972-247FFFE646A1}.Debug|Any CPU.ActiveCfg = Debug|Any CPU
		{994B832C-707F-48C3-9972-247FFFE646A1}.Debug|Any CPU.Build.0 = Debug|Any CPU
		{994B832C-707F-48C3-9972-247FFFE646A1}.Release|Any CPU.ActiveCfg = Release|Any CPU
		{994B832C-707F-48C3-9972-247FFFE646A1}.Release|Any CPU.Build.0 = Release|Any CPU
	EndGlobalSection
	GlobalSection(SolutionProperties) = preSolution
		HideSolutionNode = FALSE
	EndGlobalSection
	GlobalSection(ExtensibilityGlobals) = postSolution
		SolutionGuid = {F7EEA981-2BE8-4067-8376-2C63D2D72A1B}
	EndGlobalSection
EndGlobal
